{
  "lockfile_version": "1",
  "packages": {
    "github:NixOS/nixpkgs/nixpkgs-unstable": {
      "last_modified": "2025-08-28T11:50:14Z",
      "resolved": "github:NixOS/nixpkgs/aca2499b79170038df0dbaec8bf2f689b506ad32?lastModified=1756381814&narHash=sha256-tzo7YvAsGlzo4WiIHT0ooR59VHu%2BaKRQdHk7sIyoia4%3D"
    },
    "gitleaks@latest": {
      "last_modified": "2025-07-28T17:09:23Z",
      "resolved": "github:NixOS/nixpkgs/648f70160c03151bc2121d179291337ad6bc564b#gitleaks",
      "source": "devbox-search",
      "version": "8.28.0",
      "systems": {
        "aarch64-darwin": {
          "outputs": [
            {
              "name": "out",
              "path": "/nix/store/kvr5mmv4nbnrfprzcnx92riixdx7bk61-gitleaks-8.28.0",
              "default": true
            }
          ],
          "store_path": "/nix/store/kvr5mmv4nbnrfprzcnx92riixdx7bk61-gitleaks-8.28.0"
        },
        "aarch64-linux": {
          "outputs": [
            {
              "name": "out",
              "path": "/nix/store/g76260gzyxynwvy0y3hg19p5njn4q543-gitleaks-8.28.0",
              "default": true
            }
          ],
          "store_path": "/nix/store/g76260gzyxynwvy0y3hg19p5njn4q543-gitleaks-8.28.0"
        },
        "x86_64-darwin": {
          "outputs": [
            {
              "name": "out",
              "path": "/nix/store/8prn23spjg3rqjpf1h2sxv0n28f3s1hn-gitleaks-8.28.0",
              "default": true
            }
          ],
          "store_path": "/nix/store/8prn23spjg3rqjpf1h2sxv0n28f3s1hn-gitleaks-8.28.0"
        },
        "x86_64-linux": {
          "outputs": [
            {
              "name": "out",
              "path": "/nix/store/hnacpr295pvzva7wd3wxl0y4kz05dwkd-gitleaks-8.28.0",
              "default": true
            }
          ],
          "store_path": "/nix/store/hnacpr295pvzva7wd3wxl0y4kz05dwkd-gitleaks-8.28.0"
        }
      }
    },
    "grype@latest": {
      "last_modified": "2025-07-28T17:09:23Z",
      "resolved": "github:NixOS/nixpkgs/648f70160c03151bc2121d179291337ad6bc564b#grype",
      "source": "devbox-search",
      "version": "0.92.2",
      "systems": {
        "aarch64-darwin": {
          "outputs": [
            {
              "name": "out",
              "path": "/nix/store/nqwyxmri98zm0r8cv6r1z1aw0fdkxv2f-grype-0.92.2",
              "default": true
            }
          ],
          "store_path": "/nix/store/nqwyxmri98zm0r8cv6r1z1aw0fdkxv2f-grype-0.92.2"
        },
        "aarch64-linux": {
          "outputs": [
            {
              "name": "out",
              "path": "/nix/store/9kaskammjvbzdv9gmhklffdpnxgw49r0-grype-0.92.2",
              "default": true
            }
          ],
          "store_path": "/nix/store/9kaskammjvbzdv9gmhklffdpnxgw49r0-grype-0.92.2"
        },
        "x86_64-darwin": {
          "outputs": [
            {
              "name": "out",
              "path": "/nix/store/bvkpv41f71pa61inhlwj1ic9042gg4bh-grype-0.92.2",
              "default": true
            }
          ],
          "store_path": "/nix/store/bvkpv41f71pa61inhlwj1ic9042gg4bh-grype-0.92.2"
        },
        "x86_64-linux": {
          "outputs": [
            {
              "name": "out",
              "path": "/nix/store/4ly5j8jsds0hjfdcqcmg28ffl0sn8ii7-grype-0.92.2",
              "default": true
            }
          ],
          "store_path": "/nix/store/4ly5j8jsds0hjfdcqcmg28ffl0sn8ii7-grype-0.92.2"
        }
      }
    },
    "jq": {
      "resolved": "github:NixOS/nixpkgs/c53baa6685261e5253a1c355a1b322f82674a824?narHash=sha256-R94HxJBi%2BRK1iCm8Y4Q9pdrHZl0GZoDPIaYwjxRNPh4%3D#jq",
      "source": "nixpkg"
    },
    "nodejs@21": {
      "last_modified": "2024-04-19T21:36:04Z",
      "plugin_version": "0.0.2",
      "resolved": "github:NixOS/nixpkgs/92d295f588631b0db2da509f381b4fb1e74173c5#nodejs_21",
      "source": "devbox-search",
      "version": "21.7.3",
      "systems": {
        "aarch64-darwin": {
          "outputs": [
            {
              "name": "out",
              "path": "/nix/store/hxr5ziwxn72wxcrhxasdy542h6z0r9hg-nodejs-21.7.3",
              "default": true
            },
            {
              "name": "libv8",
              "path": "/nix/store/y6xj0m2n7mlzgx5mc62m0lb4h02dzklr-nodejs-21.7.3-libv8"
            }
          ],
          "store_path": "/nix/store/hxr5ziwxn72wxcrhxasdy542h6z0r9hg-nodejs-21.7.3"
        },
        "aarch64-linux": {
          "outputs": [
            {
              "name": "out",
              "path": "/nix/store/xfddvy0bfzc78yipmyx81irjqfpkm1d0-nodejs-21.7.3",
              "default": true
            },
            {
              "name": "libv8",
              "path": "/nix/store/vjr64cmj37yglbzjz6hrwqa4z6hw2mz2-nodejs-21.7.3-libv8"
            }
          ],
          "store_path": "/nix/store/xfddvy0bfzc78yipmyx81irjqfpkm1d0-nodejs-21.7.3"
        },
        "x86_64-darwin": {
          "outputs": [
            {
              "name": "out",
              "path": "/nix/store/pnrd7gl28dmy86pprrpifq7qny3sx1xp-nodejs-21.7.3",
              "default": true
            },
            {
              "name": "libv8",
              "path": "/nix/store/wnzqqc8ik64a6zn4k4bbcgzvi8dp8vnb-nodejs-21.7.3-libv8"
            }
          ],
          "store_path": "/nix/store/pnrd7gl28dmy86pprrpifq7qny3sx1xp-nodejs-21.7.3"
        },
        "x86_64-linux": {
          "outputs": [
            {
              "name": "out",
              "path": "/nix/store/dfs59hwhc4mb4hdk77nc5dd39k2v2qs2-nodejs-21.7.3",
              "default": true
            },
            {
              "name": "libv8",
              "path": "/nix/store/iq38acw88hl92vpwamfkzgk3pk3dsr0x-nodejs-21.7.3-libv8"
            }
          ],
          "store_path": "/nix/store/dfs59hwhc4mb4hdk77nc5dd39k2v2qs2-nodejs-21.7.3"
        }
      }
    },
    "syft@latest": {
      "last_modified": "2025-08-11T07:05:29Z",
      "resolved": "github:NixOS/nixpkgs/9585e9192aadc13ec3e49f33f8333bd3cda524df#syft",
      "source": "devbox-search",
      "version": "1.30.0",
      "systems": {
        "aarch64-darwin": {
          "outputs": [
            {
              "name": "out",
              "path": "/nix/store/6j0n9nbpza1bjxx8cadx6w1cz5j41vjk-syft-1.30.0",
              "default": true
            }
          ],
          "store_path": "/nix/store/6j0n9nbpza1bjxx8cadx6w1cz5j41vjk-syft-1.30.0"
        },
        "aarch64-linux": {
          "outputs": [
            {
              "name": "out",
              "path": "/nix/store/9ypr1g4qabi6likd7z0xf40y6iki5wr7-syft-1.30.0",
              "default": true
            }
          ],
          "store_path": "/nix/store/9ypr1g4qabi6likd7z0xf40y6iki5wr7-syft-1.30.0"
        },
        "x86_64-darwin": {
          "outputs": [
            {
              "name": "out",
              "path": "/nix/store/3hv128yd8n7b829x1ab8i45bdj1bw2yd-syft-1.30.0",
              "default": true
            }
          ],
          "store_path": "/nix/store/3hv128yd8n7b829x1ab8i45bdj1bw2yd-syft-1.30.0"
        },
        "x86_64-linux": {
          "outputs": [
            {
              "name": "out",
              "path": "/nix/store/gj9q6534jayvqq3jqg95ffa4098y944j-syft-1.30.0",
              "default": true
            }
          ],
          "store_path": "/nix/store/gj9q6534jayvqq3jqg95ffa4098y944j-syft-1.30.0"
        }
      }
    }
  }
}
